%{"certifi": {:hex, :certifi, "0.4.0"},
  "coverex": {:hex, :coverex, "1.4.8"},
  "earmark": {:hex, :earmark, "0.2.1"},
  "enm": {:git, "https://github.com/basho/enm", "62f0651d95ddcc009cba3fd5c20b217fa9af593e", []},
  "ex_doc": {:hex, :ex_doc, "0.11.5"},
  "hackney": {:hex, :hackney, "1.6.0"},
  "httpoison": {:hex, :httpoison, "0.8.3"},
  "idna": {:hex, :idna, "1.2.0"},
  "metrics": {:hex, :metrics, "1.0.1"},
  "mimerl": {:hex, :mimerl, "1.0.2"},
  "msgpax": {:hex, :msgpax, "0.8.2"},
  "poison": {:hex, :poison, "1.5.2"},
  "poolboy": {:hex, :poolboy, "1.5.1"},
  "ssl_verify_fun": {:hex, :ssl_verify_fun, "1.1.0"},
  "uuid": {:hex, :uuid, "1.1.3"}}
